
Microsoft Visual Studio Solution File, Format Version 12.00
# Visual Studio Version 17
VisualStudioVersion = 17.0.31903.59
MinimumVisualStudioVersion = 10.0.40219.1
Project("{FAE04EC0-301F-11D3-BF4B-00C04F79EFBC}") = "App", "App\App.csproj", "{90D7FADC-8195-4D35-AB15-9F9202B8AACF}"
EndProject
Project("{FAE04EC0-301F-11D3-BF4B-00C04F79EFBC}") = "LineTests", "LineTests\LineTests.csproj", "{2BF54348-8BB3-49C0-8FB8-61EA91D7D7E5}"
EndProject
Global
	GlobalSection(SolutionConfigurationPlatforms) = preSolution
		Debug|Any CPU = Debug|Any CPU
		Release|Any CPU = Release|Any CPU
	EndGlobalSection
	GlobalSection(SolutionProperties) = preSolution
		HideSolutionNode = FALSE
	EndGlobalSection
	GlobalSection(ProjectConfigurationPlatforms) = postSolution
		{90D7FADC-8195-4D35-AB15-9F9202B8AACF}.Debug|Any CPU.ActiveCfg = Debug|Any CPU
		{90D7FADC-8195-4D35-AB15-9F9202B8AACF}.Debug|Any CPU.Build.0 = Debug|Any CPU
		{90D7FADC-8195-4D35-AB15-9F9202B8AACF}.Release|Any CPU.ActiveCfg = Release|Any CPU
		{90D7FADC-8195-4D35-AB15-9F9202B8AACF}.Release|Any CPU.Build.0 = Release|Any CPU
		{2BF54348-8BB3-49C0-8FB8-61EA91D7D7E5}.Debug|Any CPU.ActiveCfg = Debug|Any CPU
		{2BF54348-8BB3-49C0-8FB8-61EA91D7D7E5}.Debug|Any CPU.Build.0 = Debug|Any CPU
		{2BF54348-8BB3-49C0-8FB8-61EA91D7D7E5}.Release|Any CPU.ActiveCfg = Release|Any CPU
		{2BF54348-8BB3-49C0-8FB8-61EA91D7D7E5}.Release|Any CPU.Build.0 = Release|Any CPU
	EndGlobalSection
EndGlobal
